// !$*UTF8*$!
{
	archiveVersion = 1;
	classes = {
	};
	objectVersion = 46;
	objects = {

/* Begin PBXBuildFile section */
		C45CACBD1A08F72400BC7751 /* AppDelegate.swift in Sources */ = {isa = PBXBuildFile; fileRef = C45CACBC1A08F72400BC7751 /* AppDelegate.swift */; };
		C45CACBF1A08F72400BC7751 /* ViewController.swift in Sources */ = {isa = PBXBuildFile; fileRef = C45CACBE1A08F72400BC7751 /* ViewController.swift */; };
		C45CACC21A08F72400BC7751 /* Main.storyboard in Resources */ = {isa = PBXBuildFile; fileRef = C45CACC01A08F72400BC7751 /* Main.storyboard */; };
		C45CACC41A08F72400BC7751 /* Images.xcassets in Resources */ = {isa = PBXBuildFile; fileRef = C45CACC31A08F72400BC7751 /* Images.xcassets */; };
		C45CACC71A08F72400BC7751 /* LaunchScreen.xib in Resources */ = {isa = PBXBuildFile; fileRef = C45CACC51A08F72400BC7751 /* LaunchScreen.xib */; };
		C45CACD31A08F72500BC7751 /* PostcardTests.swift in Sources */ = {isa = PBXBuildFile; fileRef = C45CACD21A08F72500BC7751 /* PostcardTests.swift */; };
/* End PBXBuildFile section */

/* Begin PBXContainerItemProxy section */
		C45CACCD1A08F72500BC7751 /* PBXContainerItemProxy */ = {
			isa = PBXContainerItemProxy;
			containerPortal = C45CACAF1A08F72400BC7751 /* Project object */;
			proxyType = 1;
			remoteGlobalIDString = C45CACB61A08F72400BC7751;
			remoteInfo = Postcard;
		};
/* End PBXContainerItemProxy section */

/* Begin PBXFileReference section */
		C45CACB71A08F72400BC7751 /* Postcard.app */ = {isa = PBXFileReference; explicitFileType = wrapper.application; includeInIndex = 0; path = Postcard.app; sourceTree = BUILT_PRODUCTS_DIR; };
		C45CACBB1A08F72400BC7751 /* Info.plist */ = {isa = PBXFileReference; lastKnownFileType = text.plist.xml; path = Info.plist; sourceTree = "<group>"; };
		C45CACBC1A08F72400BC7751 /* AppDelegate.swift */ = {isa = PBXFileReference; lastKnownFileType = sourcecode.swift; path = AppDelegate.swift; sourceTree = "<group>"; };
		C45CACBE1A08F72400BC7751 /* ViewController.swift */ = {isa = PBXFileReference; lastKnownFileType = sourcecode.swift; path = ViewController.swift; sourceTree = "<group>"; };
		C45CACC11A08F72400BC7751 /* Base */ = {isa = PBXFileReference; lastKnownFileType = file.storyboard; name = Base; path = Base.lproj/Main.storyboard; sourceTree = "<group>"; };
		C45CACC31A08F72400BC7751 /* Images.xcassets */ = {isa = PBXFileReference; lastKnownFileType = folder.assetcatalog; path = Images.xcassets; sourceTree = "<group>"; };
		C45CACC61A08F72400BC7751 /* Base */ = {isa = PBXFileReference; lastKnownFileType = file.xib; name = Base; path = Base.lproj/LaunchScreen.xib; sourceTree = "<group>"; };
		C45CACCC1A08F72500BC7751 /* PostcardTests.xctest */ = {isa = PBXFileReference; explicitFileType = wrapper.cfbundle; includeInIndex = 0; path = PostcardTests.xctest; sourceTree = BUILT_PRODUCTS_DIR; };
		C45CACD11A08F72500BC7751 /* Info.plist */ = {isa = PBXFileReference; lastKnownFileType = text.plist.xml; path = Info.plist; sourceTree = "<group>"; };
		C45CACD21A08F72500BC7751 /* PostcardTests.swift */ = {isa = PBXFileReference; lastKnownFileType = sourcecode.swift; path = PostcardTests.swift; sourceTree = "<group>"; };
/* End PBXFileReference section */

/* Begin PBXFrameworksBuildPhase section */
		C45CACB41A08F72400BC7751 /* Frameworks */ = {
			isa = PBXFrameworksBuildPhase;
			buildActionMask = 2147483647;
			files = (
			);
			runOnlyForDeploymentPostprocessing = 0;
		};
		C45CACC91A08F72400BC7751 /* Frameworks */ = {
			isa = PBXFrameworksBuildPhase;
			buildActionMask = 2147483647;
			files = (
			);
			runOnlyForDeploymentPostprocessing = 0;
		};
/* End PBXFrameworksBuildPhase section */

/* Begin PBXGroup section */
		C45CACAE1A08F72400BC7751 = {
			isa = PBXGroup;
			children = (
				C45CACB91A08F72400BC7751 /* Postcard */,
				C45CACCF1A08F72500BC7751 /* PostcardTests */,
				C45CACB81A08F72400BC7751 /* Products */,
			);
			sourceTree = "<group>";
		};
		C45CACB81A08F72400BC7751 /* Products */ = {
			isa = PBXGroup;
			children = (
				C45CACB71A08F72400BC7751 /* Postcard.app */,
				C45CACCC1A08F72500BC7751 /* PostcardTests.xctest */,
			);
			name = Products;
			sourceTree = "<group>";
		};
		C45CACB91A08F72400BC7751 /* Postcard */ = {
			isa = PBXGroup;
			children = (
				C45CACBC1A08F72400BC7751 /* AppDelegate.swift */,
				C45CACBE1A08F72400BC7751 /* ViewController.swift */,
				C45CACC01A08F72400BC7751 /* Main.storyboard */,
				C45CACC31A08F72400BC7751 /* Images.xcassets */,
				C45CACC51A08F72400BC7751 /* LaunchScreen.xib */,
				C45CACBA1A08F72400BC7751 /* Supporting Files */,
			);
			path = Postcard;
			sourceTree = "<group>";
		};
		C45CACBA1A08F72400BC7751 /* Supporting Files */ = {
			isa = PBXGroup;
			children = (
				C45CACBB1A08F72400BC7751 /* Info.plist */,
			);
			name = "Supporting Files";
			sourceTree = "<group>";
		};
		C45CACCF1A08F72500BC7751 /* PostcardTests */ = {
			isa = PBXGroup;
			children = (
				C45CACD21A08F72500BC7751 /* PostcardTests.swift */,
				C45CACD01A08F72500BC7751 /* Supporting Files */,
			);
			path = PostcardTests;
			sourceTree = "<group>";
		};
		C45CACD01A08F72500BC7751 /* Supporting Files */ = {
			isa = PBXGroup;
			children = (
				C45CACD11A08F72500BC7751 /* Info.plist */,
			);
			name = "Supporting Files";
			sourceTree = "<group>";
		};
/* End PBXGroup section */

/* Begin PBXNativeTarget section */
		C45CACB61A08F72400BC7751 /* Postcard */ = {
			isa = PBXNativeTarget;
			buildConfigurationList = C45CACD61A08F72500BC7751 /* Build configuration list for PBXNativeTarget "Postcard" */;
			buildPhases = (
				C45CACB31A08F72400BC7751 /* Sources */,
				C45CACB41A08F72400BC7751 /* Frameworks */,
				C45CACB51A08F72400BC7751 /* Resources */,
			);
			buildRules = (
			);
			dependencies = (
			);
			name = Postcard;
			productName = Postcard;
			productReference = C45CACB71A08F72400BC7751 /* Postcard.app */;
			productType = "com.apple.product-type.application";
		};
		C45CACCB1A08F72400BC7751 /* PostcardTests */ = {
			isa = PBXNativeTarget;
			buildConfigurationList = C45CACD91A08F72500BC7751 /* Build configuration list for PBXNativeTarget "PostcardTests" */;
			buildPhases = (
				C45CACC81A08F72400BC7751 /* Sources */,
				C45CACC91A08F72400BC7751 /* Frameworks */,
				C45CACCA1A08F72400BC7751 /* Resources */,
			);
			buildRules = (
			);
			dependencies = (
				C45CACCE1A08F72500BC7751 /* PBXTargetDependency */,
			);
			name = PostcardTests;
			productName = PostcardTests;
			productReference = C45CACCC1A08F72500BC7751 /* PostcardTests.xctest */;
			productType = "com.apple.product-type.bundle.unit-test";
		};
/* End PBXNativeTarget section */

/* Begin PBXProject section */
		C45CACAF1A08F72400BC7751 /* Project object */ = {
			isa = PBXProject;
			attributes = {
				LastUpgradeCheck = 0610;
				ORGANIZATIONNAME = "Wei Dai";
				TargetAttributes = {
					C45CACB61A08F72400BC7751 = {
						CreatedOnToolsVersion = 6.1;
					};
					C45CACCB1A08F72400BC7751 = {
						CreatedOnToolsVersion = 6.1;
						TestTargetID = C45CACB61A08F72400BC7751;
					};
				};
			};
			buildConfigurationList = C45CACB21A08F72400BC7751 /* Build configuration list for PBXProject "Postcard" */;
			compatibilityVersion = "Xcode 3.2";
			developmentRegion = English;
			hasScannedForEncodings = 0;
			knownRegions = (
				en,
				Base,
			);
			mainGroup = C45CACAE1A08F72400BC7751;
			productRefGroup = C45CACB81A08F72400BC7751 /* Products */;
			projectDirPath = "";
			projectRoot = "";
			targets = (
				C45CACB61A08F72400BC7751 /* Postcard */,
				C45CACCB1A08F72400BC7751 /* PostcardTests */,
			);
		};
/* End PBXProject section */

/* Begin PBXResourcesBuildPhase section */
		C45CACB51A08F72400BC7751 /* Resources */ = {
			isa = PBXResourcesBuildPhase;
			buildActionMask = 2147483647;
			files = (
				C45CACC21A08F72400BC7751 /* Main.storyboard in Resources */,
				C45CACC71A08F72400BC7751 /* LaunchScreen.xib in Resources */,
				C45CACC41A08F72400BC7751 /* Images.xcassets in Resources */,
			);
			runOnlyForDeploymentPostprocessing = 0;
		};
		C45CACCA1A08F72400BC7751 /* Resources */ = {
			isa = PBXResourcesBuildPhase;
			buildActionMask = 2147483647;
			files = (
			);
			runOnlyForDeploymentPostprocessing = 0;
		};
/* End PBXResourcesBuildPhase section */

/* Begin PBXSourcesBuildPhase section */
		C45CACB31A08F72400BC7751 /* Sources */ = {
			isa = PBXSourcesBuildPhase;
			buildActionMask = 2147483647;
			files = (
				C45CACBF1A08F72400BC7751 /* ViewController.swift in Sources */,
				C45CACBD1A08F72400BC7751 /* AppDelegate.swift in Sources */,
			);
			runOnlyForDeploymentPostprocessing = 0;
		};
		C45CACC81A08F72400BC7751 /* Sources */ = {
			isa = PBXSourcesBuildPhase;
			buildActionMask = 2147483647;
			files = (
				C45CACD31A08F72500BC7751 /* PostcardTests.swift in Sources */,
			);
			runOnlyForDeploymentPostprocessing = 0;
		};
/* End PBXSourcesBuildPhase section */

/* Begin PBXTargetDependency section */
		C45CACCE1A08F72500BC7751 /* PBXTargetDependency */ = {
			isa = PBXTargetDependency;
			target = C45CACB61A08F72400BC7751 /* Postcard */;
			targetProxy = C45CACCD1A08F72500BC7751 /* PBXContainerItemProxy */;
		};
/* End PBXTargetDependency section */

/* Begin PBXVariantGroup section */
		C45CACC01A08F72400BC7751 /* Main.storyboard */ = {
			isa = PBXVariantGroup;
			children = (
				C45CACC11A08F72400BC7751 /* Base */,
			);
			name = Main.storyboard;
			sourceTree = "<group>";
		};
		C45CACC51A08F72400BC7751 /* LaunchScreen.xib */ = {
			isa = PBXVariantGroup;
			children = (
				C45CACC61A08F72400BC7751 /* Base */,
			);
			name = LaunchScreen.xib;
			sourceTree = "<group>";
		};
/* End PBXVariantGroup section */

/* Begin XCBuildConfiguration section */
		C45CACD41A08F72500BC7751 /* Debug */ = {
			isa = XCBuildConfiguration;
			buildSettings = {
				ALWAYS_SEARCH_USER_PATHS = NO;
				CLANG_CXX_LANGUAGE_STANDARD = "gnu++0x";
				CLANG_CXX_LIBRARY = "libc++";
				CLANG_ENABLE_MODULES = YES;
				CLANG_ENABLE_OBJC_ARC = YES;
				CLANG_WARN_BOOL_CONVERSION = YES;
				CLANG_WARN_CONSTANT_CONVERSION = YES;
				CLANG_WARN_DIRECT_OBJC_ISA_USAGE = YES_ERROR;
				CLANG_WARN_EMPTY_BODY = YES;
				CLANG_WARN_ENUM_CONVERSION = YES;
				CLANG_WARN_INT_CONVERSION = YES;
				CLANG_WARN_OBJC_ROOT_CLASS = YES_ERROR;
				CLANG_WARN_UNREACHABLE_CODE = YES;
				CLANG_WARN__DUPLICATE_METHOD_MATCH = YES;
				"CODE_SIGN_IDENTITY[sdk=iphoneos*]" = "iPhone Developer";
				COPY_PHASE_STRIP = NO;
				ENABLE_STRICT_OBJC_MSGSEND = YES;
				GCC_C_LANGUAGE_STANDARD = gnu99;
				GCC_DYNAMIC_NO_PIC = NO;
				GCC_OPTIMIZATION_LEVEL = 0;
				GCC_PREPROCESSOR_DEFINITIONS = (
					"DEBUG=1",
					"$(inherited)",
				);
				GCC_SYMBOLS_PRIVATE_EXTERN = NO;
				GCC_WARN_64_TO_32_BIT_CONVERSION = YES;
				GCC_WARN_ABOUT_RETURN_TYPE = YES_ERROR;
				GCC_WARN_UNDECLARED_SELECTOR = YES;
				GCC_WARN_UNINITIALIZED_AUTOS = YES_AGGRESSIVE;
				GCC_WARN_UNUSED_FUNCTION = YES;
				GCC_WARN_UNUSED_VARIABLE = YES;
				IPHONEOS_DEPLOYMENT_TARGET = 8.1;
				MTL_ENABLE_DEBUG_INFO = YES;
				ONLY_ACTIVE_ARCH = YES;
				SDKROOT = iphoneos;
				SWIFT_OPTIMIZATION_LEVEL = "-Onone";
			};
			name = Debug;
		};
		C45CACD51A08F72500BC7751 /* Release */ = {
			isa = XCBuildConfiguration;
			buildSettings = {
				ALWAYS_SEARCH_USER_PATHS = NO;
				CLANG_CXX_LANGUAGE_STANDARD = "gnu++0x";
				CLANG_CXX_LIBRARY = "libc++";
				CLANG_ENABLE_MODULES = YES;
				CLANG_ENABLE_OBJC_ARC = YES;
				CLANG_WARN_BOOL_CONVERSION = YES;
				CLANG_WARN_CONSTANT_CONVERSION = YES;
				CLANG_WARN_DIRECT_OBJC_ISA_USAGE = YES_ERROR;
				CLANG_WARN_EMPTY_BODY = YES;
				CLANG_WARN_ENUM_CONVERSION = YES;
				CLANG_WARN_INT_CONVERSION = YES;
				CLANG_WARN_OBJC_ROOT_CLASS = YES_ERROR;
				CLANG_WARN_UNREACHABLE_CODE = YES;
				CLANG_WARN__DUPLICATE_METHOD_MATCH = YES;
				"CODE_SIGN_IDENTITY[sdk=iphoneos*]" = "iPhone Developer";
				COPY_PHASE_STRIP = YES;
				ENABLE_NS_ASSERTIONS = NO;
				ENABLE_STRICT_OBJC_MSGSEND = YES;
				GCC_C_LANGUAGE_STANDARD = gnu99;
				GCC_WARN_64_TO_32_BIT_CONVERSION = YES;
				GCC_WARN_ABOUT_RETURN_TYPE = YES_ERROR;
				GCC_WARN_UNDECLARED_SELECTOR = YES;
				GCC_WARN_UNINITIALIZED_AUTOS = YES_AGGRESSIVE;
				GCC_WARN_UNUSED_FUNCTION = YES;
				GCC_WARN_UNUSED_VARIABLE = YES;
				IPHONEOS_DEPLOYMENT_TARGET = 8.1;
				MTL_ENABLE_DEBUG_INFO = NO;
				SDKROOT = iphoneos;
				VALIDATE_PRODUCT = YES;
			};
			name = Release;
		};
		C45CACD71A08F72500BC7751 /* Debug */ = {
			isa = XCBuildConfiguration;
			buildSettings = {
				ASSETCATALOG_COMPILER_APPICON_NAME = AppIcon;
				INFOPLIST_FILE = Postcard/Info.plist;
				LD_RUNPATH_SEARCH_PATHS = "$(inherited) @executable_path/Frameworks";
				PRODUCT_NAME = "$(TARGET_NAME)";
			};
			name = Debug;
		};
		C45CACD81A08F72500BC7751 /* Release */ = {
			isa = XCBuildConfiguration;
			buildSettings = {
				ASSETCATALOG_COMPILER_APPICON_NAME = AppIcon;
				INFOPLIST_FILE = Postcard/Info.plist;
				LD_RUNPATH_SEARCH_PATHS = "$(inherited) @executable_path/Frameworks";
				PRODUCT_NAME = "$(TARGET_NAME)";
			};
			name = Release;
		};
		C45CACDA1A08F72500BC7751 /* Debug */ = {
			isa = XCBuildConfiguration;
			buildSettings = {
				BUNDLE_LOADER = "$(TEST_HOST)";
				FRAMEWORK_SEARCH_PATHS = (
					"$(SDKROOT)/Developer/Library/Frameworks",
					"$(inherited)",
				);
				GCC_PREPROCESSOR_DEFINITIONS = (
					"DEBUG=1",
					"$(inherited)",
				);
				INFOPLIST_FILE = PostcardTests/Info.plist;
				LD_RUNPATH_SEARCH_PATHS = "$(inherited) @executable_path/Frameworks @loader_path/Frameworks";
				PRODUCT_NAME = "$(TARGET_NAME)";
				TEST_HOST = "$(BUILT_PRODUCTS_DIR)/Postcard.app/Postcard";
			};
			name = Debug;
		};
		C45CACDB1A08F72500BC7751 /* Release */ = {
			isa = XCBuildConfiguration;
			buildSettings = {
				BUNDLE_LOADER = "$(TEST_HOST)";
				FRAMEWORK_SEARCH_PATHS = (
					"$(SDKROOT)/Developer/Library/Frameworks",
					"$(inherited)",
				);
				INFOPLIST_FILE = PostcardTests/Info.plist;
				LD_RUNPATH_SEARCH_PATHS = "$(inherited) @executable_path/Frameworks @loader_path/Frameworks";
				PRODUCT_NAME = "$(TARGET_NAME)";
				TEST_HOST = "$(BUILT_PRODUCTS_DIR)/Postcard.app/Postcard";
			};
			name = Release;
		};
/* End XCBuildConfiguration section */

/* Begin XCConfigurationList section */
		C45CACB21A08F72400BC7751 /* Build configuration list for PBXProject "Postcard" */ = {
			isa = XCConfigurationList;
			buildConfigurations = (
				C45CACD41A08F72500BC7751 /* Debug */,
				C45CACD51A08F72500BC7751 /* Release */,
			);
			defaultConfigurationIsVisible = 0;
			defaultConfigurationName = Release;
		};
		C45CACD61A08F72500BC7751 /* Build configuration list for PBXNativeTarget "Postcard" */ = {
			isa = XCConfigurationList;
			buildConfigurations = (
				C45CACD71A08F72500BC7751 /* Debug */,
				C45CACD81A08F72500BC7751 /* Release */,
			);
			defaultConfigurationIsVisible = 0;
		};
		C45CACD91A08F72500BC7751 /* Build configuration list for PBXNativeTarget "PostcardTests" */ = {
			isa = XCConfigurationList;
			buildConfigurations = (
				C45CACDA1A08F72500BC7751 /* Debug */,
				C45CACDB1A08F72500BC7751 /* Release */,
			);
			defaultConfigurationIsVisible = 0;
		};
/* End XCConfigurationList section */
	};
	rootObject = C45CACAF1A08F72400BC7751 /* Project object */;
}
